PODS:
  - AFNetworking (3.1.0):
    - AFNetworking/NSURLSession (= 3.1.0)
    - AFNetworking/Reachability (= 3.1.0)
    - AFNetworking/Security (= 3.1.0)
    - AFNetworking/Serialization (= 3.1.0)
    - AFNetworking/UIKit (= 3.1.0)
  - AFNetworking/NSURLSession (3.1.0):
    - AFNetworking/Reachability
    - AFNetworking/Security
    - AFNetworking/Serialization
  - AFNetworking/Reachability (3.1.0)
  - AFNetworking/Security (3.1.0)
  - AFNetworking/Serialization (3.1.0)
  - AFNetworking/UIKit (3.1.0):
    - AFNetworking/NSURLSession
  - CSStickyHeaderFlowLayout (0.2.11)
  - DZNEmptyDataSet (1.8.1)
  - FDFullscreenPopGesture (1.1)
  - JSPatchPlatform (1.6.2):
    - JSPatchPlatform/Core (= 1.6.2)
  - JSPatchPlatform/Core (1.6.2)
  - Masonry (1.0.2)
  - MBProgressHUD (1.0.0)
  - MJExtension (3.0.13)
  - MJRefresh (3.1.12)
  - MOBFoundation (2.2.1)
  - RongCloudIMKit (2.7.3)
  - SDCycleScrollView (1.65):
    - SDWebImage (~> 3.7)
  - SDWebImage (3.8.2):
    - SDWebImage/Core (= 3.8.2)
  - SDWebImage/Core (3.8.2)
  - ShareSDK3 (3.5.1):
    - ShareSDK3/ShareSDK (= 3.5.1)
  - ShareSDK3/ShareSDK (3.5.1)
  - ShareSDK3/ShareSDKExtension (3.5.1)
  - ShareSDK3/ShareSDKPlatforms/QQ (3.5.1)
  - ShareSDK3/ShareSDKPlatforms/SinaWeibo (3.5.1)
  - ShareSDK3/ShareSDKPlatforms/WeChat (3.5.1)
  - ShareSDK3/ShareSDKUI (3.5.1)
  - SVProgressHUD (2.0.3)
  - UITableView+FDTemplateLayoutCell (1.4)
  - YYKit (1.0.9):
    - YYKit/no-arc (= 1.0.9)
  - YYKit/no-arc (1.0.9)
  - ZYCornerRadius (1.0.2)

DEPENDENCIES:
  - AFNetworking
  - CSStickyHeaderFlowLayout
  - DZNEmptyDataSet
  - FDFullscreenPopGesture
  - JSPatchPlatform
  - Masonry
  - MBProgressHUD
  - MJExtension
  - MJRefresh
  - MOBFoundation
  - RongCloudIMKit
  - SDCycleScrollView
  - SDWebImage
  - ShareSDK3
  - ShareSDK3/ShareSDKExtension
  - ShareSDK3/ShareSDKPlatforms/QQ
  - ShareSDK3/ShareSDKPlatforms/SinaWeibo
  - ShareSDK3/ShareSDKPlatforms/WeChat
  - ShareSDK3/ShareSDKUI
  - SVProgressHUD
  - UITableView+FDTemplateLayoutCell
  - YYKit
  - ZYCornerRadius

SPEC CHECKSUMS:
  AFNetworking: 5e0e199f73d8626b11e79750991f5d173d1f8b67
  CSStickyHeaderFlowLayout: e9bcb1762413f49d7d09e5bd0ae5efd1100116b7
  DZNEmptyDataSet: 9525833b9e68ac21c30253e1d3d7076cc828eaa7
  FDFullscreenPopGesture: a8a620179e3d9c40e8e00256dcee1c1a27c6d0f0
  JSPatchPlatform: 105e331f1b899a397d2bc0300a9ace9f9d7b8f08
  Masonry: 7c429b56da9d4ee0bbb3ed77a5ea710d6a5df39e
  MBProgressHUD: 4890f671c94e8a0f3cf959aa731e9de2f036d71a
  MJExtension: 5932755f451458eefa24239358817f8d291240c7
  MJRefresh: b96cdb21c4aa75a7b07654311ab2f315c497e806
  MOBFoundation: 8ceb44ce7840441f42f73fa6fbda5b0c19ba7d43
  RongCloudIMKit: 0b93700b17d224c7c213815b8a23a9c356fe20e2
  SDCycleScrollView: f72904c77698a7f93a41bcbbc2d78b073bf7326c
  SDWebImage: 098e97e6176540799c27e804c96653ee0833d13c
  ShareSDK3: dc051268317cd144acbd7d48d6bc7867ff58bc04
  SVProgressHUD: b0830714205bea1317ea1a2ebc71e5633af334d4
  UITableView+FDTemplateLayoutCell: 234e1582bcc4e18461af91155123bb96538ed030
  YYKit: 7cda43304a8dc3696c449041e2cb3107b4e236e7
  ZYCornerRadius: f0af817be7805b5c63d793042ca7a03f81e14069

PODFILE CHECKSUM: 22ec4c44fbcb3d40a7fa4df8a52e4c4ba7496a63

COCOAPODS: 1.1.1
